// !$*UTF8*$!
{
	archiveVersion = 1;
	classes = {
	};
	objectVersion = 56;
	objects = {

/* Begin PBXBuildFile section */
		602F8E3E296DD33E00B0BCE6 /* AppDelegate.swift in Sources */ = {isa = PBXBuildFile; fileRef = 602F8E3D296DD33E00B0BCE6 /* AppDelegate.swift */; };
		602F8E44296DD33E00B0BCE6 /* GameScene.swift in Sources */ = {isa = PBXBuildFile; fileRef = 602F8E43296DD33E00B0BCE6 /* GameScene.swift */; };
		602F8E46296DD33E00B0BCE6 /* GameViewController.swift in Sources */ = {isa = PBXBuildFile; fileRef = 602F8E45296DD33E00B0BCE6 /* GameViewController.swift */; };
		602F8E49296DD33E00B0BCE6 /* Main.storyboard in Resources */ = {isa = PBXBuildFile; fileRef = 602F8E47296DD33E00B0BCE6 /* Main.storyboard */; };
		602F8E4B296DD33F00B0BCE6 /* Assets.xcassets in Resources */ = {isa = PBXBuildFile; fileRef = 602F8E4A296DD33F00B0BCE6 /* Assets.xcassets */; };
		602F8E4E296DD33F00B0BCE6 /* LaunchScreen.storyboard in Resources */ = {isa = PBXBuildFile; fileRef = 602F8E4C296DD33F00B0BCE6 /* LaunchScreen.storyboard */; };
		602F8E55296DE29600B0BCE6 /* AustronautSprite.swift in Sources */ = {isa = PBXBuildFile; fileRef = 602F8E54296DE29600B0BCE6 /* AustronautSprite.swift */; };
		60A3D7BA296F633B006C1896 /* AsteroidSprite.swift in Sources */ = {isa = PBXBuildFile; fileRef = 60A3D7B9296F633B006C1896 /* AsteroidSprite.swift */; };
		60DBD5132970686700E3D5D5 /* Constants.swift in Sources */ = {isa = PBXBuildFile; fileRef = 60DBD5122970686700E3D5D5 /* Constants.swift */; };
		60DBD5152970881500E3D5D5 /* FireParticle.sks in Resources */ = {isa = PBXBuildFile; fileRef = 60DBD5142970881500E3D5D5 /* FireParticle.sks */; };
		60DBD51D2970958B00E3D5D5 /* Boom.sks in Resources */ = {isa = PBXBuildFile; fileRef = 60DBD51C2970958B00E3D5D5 /* Boom.sks */; };
/* End PBXBuildFile section */

/* Begin PBXFileReference section */
		602F8E3A296DD33E00B0BCE6 /* Austronaut vs Devil.app */ = {isa = PBXFileReference; explicitFileType = wrapper.application; includeInIndex = 0; path = "Austronaut vs Devil.app"; sourceTree = BUILT_PRODUCTS_DIR; };
		602F8E3D296DD33E00B0BCE6 /* AppDelegate.swift */ = {isa = PBXFileReference; lastKnownFileType = sourcecode.swift; path = AppDelegate.swift; sourceTree = "<group>"; };
		602F8E43296DD33E00B0BCE6 /* GameScene.swift */ = {isa = PBXFileReference; lastKnownFileType = sourcecode.swift; path = GameScene.swift; sourceTree = "<group>"; };
		602F8E45296DD33E00B0BCE6 /* GameViewController.swift */ = {isa = PBXFileReference; lastKnownFileType = sourcecode.swift; path = GameViewController.swift; sourceTree = "<group>"; };
		602F8E48296DD33E00B0BCE6 /* Base */ = {isa = PBXFileReference; lastKnownFileType = file.storyboard; name = Base; path = Base.lproj/Main.storyboard; sourceTree = "<group>"; };
		602F8E4A296DD33F00B0BCE6 /* Assets.xcassets */ = {isa = PBXFileReference; lastKnownFileType = folder.assetcatalog; path = Assets.xcassets; sourceTree = "<group>"; };
		602F8E4D296DD33F00B0BCE6 /* Base */ = {isa = PBXFileReference; lastKnownFileType = file.storyboard; name = Base; path = Base.lproj/LaunchScreen.storyboard; sourceTree = "<group>"; };
		602F8E54296DE29600B0BCE6 /* AustronautSprite.swift */ = {isa = PBXFileReference; lastKnownFileType = sourcecode.swift; path = AustronautSprite.swift; sourceTree = "<group>"; };
		60A3D7B9296F633B006C1896 /* AsteroidSprite.swift */ = {isa = PBXFileReference; lastKnownFileType = sourcecode.swift; path = AsteroidSprite.swift; sourceTree = "<group>"; };
		60DBD5122970686700E3D5D5 /* Constants.swift */ = {isa = PBXFileReference; lastKnownFileType = sourcecode.swift; path = Constants.swift; sourceTree = "<group>"; };
		60DBD5142970881500E3D5D5 /* FireParticle.sks */ = {isa = PBXFileReference; lastKnownFileType = file.sks; path = FireParticle.sks; sourceTree = "<group>"; };
		60DBD51C2970958B00E3D5D5 /* Boom.sks */ = {isa = PBXFileReference; lastKnownFileType = file.sks; path = Boom.sks; sourceTree = "<group>"; };
/* End PBXFileReference section */

/* Begin PBXFrameworksBuildPhase section */
		602F8E37296DD33E00B0BCE6 /* Frameworks */ = {
			isa = PBXFrameworksBuildPhase;
			buildActionMask = 2147483647;
			files = (
			);
			runOnlyForDeploymentPostprocessing = 0;
		};
/* End PBXFrameworksBuildPhase section */

/* Begin PBXGroup section */
		602F8E31296DD33E00B0BCE6 = {
			isa = PBXGroup;
			children = (
				602F8E3C296DD33E00B0BCE6 /* Austronaut vs Devil */,
				602F8E3B296DD33E00B0BCE6 /* Products */,
			);
			sourceTree = "<group>";
		};
		602F8E3B296DD33E00B0BCE6 /* Products */ = {
			isa = PBXGroup;
			children = (
				602F8E3A296DD33E00B0BCE6 /* Austronaut vs Devil.app */,
			);
			name = Products;
			sourceTree = "<group>";
		};
		602F8E3C296DD33E00B0BCE6 /* Austronaut vs Devil */ = {
			isa = PBXGroup;
			children = (
				602F8E3D296DD33E00B0BCE6 /* AppDelegate.swift */,
				602F8E43296DD33E00B0BCE6 /* GameScene.swift */,
				60A3D7B9296F633B006C1896 /* AsteroidSprite.swift */,
				60DBD5142970881500E3D5D5 /* FireParticle.sks */,
				60DBD51C2970958B00E3D5D5 /* Boom.sks */,
				60DBD5122970686700E3D5D5 /* Constants.swift */,
				602F8E54296DE29600B0BCE6 /* AustronautSprite.swift */,
				602F8E45296DD33E00B0BCE6 /* GameViewController.swift */,
				602F8E47296DD33E00B0BCE6 /* Main.storyboard */,
				602F8E4A296DD33F00B0BCE6 /* Assets.xcassets */,
				602F8E4C296DD33F00B0BCE6 /* LaunchScreen.storyboard */,
			);
			path = "Austronaut vs Devil";
			sourceTree = "<group>";
		};
/* End PBXGroup section */

/* Begin PBXNativeTarget section */
		602F8E39296DD33E00B0BCE6 /* Austronaut vs Devil */ = {
			isa = PBXNativeTarget;
			buildConfigurationList = 602F8E51296DD33F00B0BCE6 /* Build configuration list for PBXNativeTarget "Austronaut vs Devil" */;
			buildPhases = (
				602F8E36296DD33E00B0BCE6 /* Sources */,
				602F8E37296DD33E00B0BCE6 /* Frameworks */,
				602F8E38296DD33E00B0BCE6 /* Resources */,
			);
			buildRules = (
			);
			dependencies = (
			);
			name = "Austronaut vs Devil";
			productName = "Austronaut vs Devil";
			productReference = 602F8E3A296DD33E00B0BCE6 /* Austronaut vs Devil.app */;
			productType = "com.apple.product-type.application";
		};
/* End PBXNativeTarget section */

/* Begin PBXProject section */
		602F8E32296DD33E00B0BCE6 /* Project object */ = {
			isa = PBXProject;
			attributes = {
				BuildIndependentTargetsInParallel = 1;
				LastSwiftUpdateCheck = 1420;
				LastUpgradeCheck = 1420;
				TargetAttributes = {
					602F8E39296DD33E00B0BCE6 = {
						CreatedOnToolsVersion = 14.2;
					};
				};
			};
			buildConfigurationList = 602F8E35296DD33E00B0BCE6 /* Build configuration list for PBXProject "Austronaut vs Devil" */;
			compatibilityVersion = "Xcode 14.0";
			developmentRegion = en;
			hasScannedForEncodings = 0;
			knownRegions = (
				en,
				Base,
			);
			mainGroup = 602F8E31296DD33E00B0BCE6;
			productRefGroup = 602F8E3B296DD33E00B0BCE6 /* Products */;
			projectDirPath = "";
			projectRoot = "";
			targets = (
				602F8E39296DD33E00B0BCE6 /* Austronaut vs Devil */,
			);
		};
/* End PBXProject section */

/* Begin PBXResourcesBuildPhase section */
		602F8E38296DD33E00B0BCE6 /* Resources */ = {
			isa = PBXResourcesBuildPhase;
			buildActionMask = 2147483647;
			files = (
				602F8E49296DD33E00B0BCE6 /* Main.storyboard in Resources */,
				60DBD5152970881500E3D5D5 /* FireParticle.sks in Resources */,
				602F8E4B296DD33F00B0BCE6 /* Assets.xcassets in Resources */,
				60DBD51D2970958B00E3D5D5 /* Boom.sks in Resources */,
				602F8E4E296DD33F00B0BCE6 /* LaunchScreen.storyboard in Resources */,
			);
			runOnlyForDeploymentPostprocessing = 0;
		};
/* End PBXResourcesBuildPhase section */

/* Begin PBXSourcesBuildPhase section */
		602F8E36296DD33E00B0BCE6 /* Sources */ = {
			isa = PBXSourcesBuildPhase;
			buildActionMask = 2147483647;
			files = (
				60A3D7BA296F633B006C1896 /* AsteroidSprite.swift in Sources */,
				602F8E44296DD33E00B0BCE6 /* GameScene.swift in Sources */,
				602F8E46296DD33E00B0BCE6 /* GameViewController.swift in Sources */,
				602F8E55296DE29600B0BCE6 /* AustronautSprite.swift in Sources */,
				602F8E3E296DD33E00B0BCE6 /* AppDelegate.swift in Sources */,
				60DBD5132970686700E3D5D5 /* Constants.swift in Sources */,
			);
			runOnlyForDeploymentPostprocessing = 0;
		};
/* End PBXSourcesBuildPhase section */

/* Begin PBXVariantGroup section */
		602F8E47296DD33E00B0BCE6 /* Main.storyboard */ = {
			isa = PBXVariantGroup;
			children = (
				602F8E48296DD33E00B0BCE6 /* Base */,
			);
			name = Main.storyboard;
			sourceTree = "<group>";
		};
		602F8E4C296DD33F00B0BCE6 /* LaunchScreen.storyboard */ = {
			isa = PBXVariantGroup;
			children = (
				602F8E4D296DD33F00B0BCE6 /* Base */,
			);
			name = LaunchScreen.storyboard;
			sourceTree = "<group>";
		};
/* End PBXVariantGroup section */

/* Begin XCBuildConfiguration section */
		602F8E4F296DD33F00B0BCE6 /* Debug */ = {
			isa = XCBuildConfiguration;
			buildSettings = {
				ALWAYS_SEARCH_USER_PATHS = NO;
				CLANG_ANALYZER_NONNULL = YES;
				CLANG_ANALYZER_NUMBER_OBJECT_CONVERSION = YES_AGGRESSIVE;
				CLANG_CXX_LANGUAGE_STANDARD = "gnu++20";
				CLANG_ENABLE_MODULES = YES;
				CLANG_ENABLE_OBJC_ARC = YES;
				CLANG_ENABLE_OBJC_WEAK = YES;
				CLANG_WARN_BLOCK_CAPTURE_AUTORELEASING = YES;
				CLANG_WARN_BOOL_CONVERSION = YES;
				CLANG_WARN_COMMA = YES;
				CLANG_WARN_CONSTANT_CONVERSION = YES;
				CLANG_WARN_DEPRECATED_OBJC_IMPLEMENTATIONS = YES;
				CLANG_WARN_DIRECT_OBJC_ISA_USAGE = YES_ERROR;
				CLANG_WARN_DOCUMENTATION_COMMENTS = YES;
				CLANG_WARN_EMPTY_BODY = YES;
				CLANG_WARN_ENUM_CONVERSION = YES;
				CLANG_WARN_INFINITE_RECURSION = YES;
				CLANG_WARN_INT_CONVERSION = YES;
				CLANG_WARN_NON_LITERAL_NULL_CONVERSION = YES;
				CLANG_WARN_OBJC_IMPLICIT_RETAIN_SELF = YES;
				CLANG_WARN_OBJC_LITERAL_CONVERSION = YES;
				CLANG_WARN_OBJC_ROOT_CLASS = YES_ERROR;
				CLANG_WARN_QUOTED_INCLUDE_IN_FRAMEWORK_HEADER = YES;
				CLANG_WARN_RANGE_LOOP_ANALYSIS = YES;
				CLANG_WARN_STRICT_PROTOTYPES = YES;
				CLANG_WARN_SUSPICIOUS_MOVE = YES;
				CLANG_WARN_UNGUARDED_AVAILABILITY = YES_AGGRESSIVE;
				CLANG_WARN_UNREACHABLE_CODE = YES;
				CLANG_WARN__DUPLICATE_METHOD_MATCH = YES;
				COPY_PHASE_STRIP = NO;
				DEBUG_INFORMATION_FORMAT = dwarf;
				ENABLE_STRICT_OBJC_MSGSEND = YES;
				ENABLE_TESTABILITY = YES;
				GCC_C_LANGUAGE_STANDARD = gnu11;
				GCC_DYNAMIC_NO_PIC = NO;
				GCC_NO_COMMON_BLOCKS = YES;
				GCC_OPTIMIZATION_LEVEL = 0;
				GCC_PREPROCESSOR_DEFINITIONS = (
					"DEBUG=1",
					"$(inherited)",
				);
				GCC_WARN_64_TO_32_BIT_CONVERSION = YES;
				GCC_WARN_ABOUT_RETURN_TYPE = YES_ERROR;
				GCC_WARN_UNDECLARED_SELECTOR = YES;
				GCC_WARN_UNINITIALIZED_AUTOS = YES_AGGRESSIVE;
				GCC_WARN_UNUSED_FUNCTION = YES;
				GCC_WARN_UNUSED_VARIABLE = YES;
				IPHONEOS_DEPLOYMENT_TARGET = 16.2;
				MTL_ENABLE_DEBUG_INFO = INCLUDE_SOURCE;
				MTL_FAST_MATH = YES;
				ONLY_ACTIVE_ARCH = YES;
				SDKROOT = iphoneos;
				SWIFT_ACTIVE_COMPILATION_CONDITIONS = DEBUG;
				SWIFT_OPTIMIZATION_LEVEL = "-Onone";
			};
			name = Debug;
		};
		602F8E50296DD33F00B0BCE6 /* Release */ = {
			isa = XCBuildConfiguration;
			buildSettings = {
				ALWAYS_SEARCH_USER_PATHS = NO;
				CLANG_ANALYZER_NONNULL = YES;
				CLANG_ANALYZER_NUMBER_OBJECT_CONVERSION = YES_AGGRESSIVE;
				CLANG_CXX_LANGUAGE_STANDARD = "gnu++20";
				CLANG_ENABLE_MODULES = YES;
				CLANG_ENABLE_OBJC_ARC = YES;
				CLANG_ENABLE_OBJC_WEAK = YES;
				CLANG_WARN_BLOCK_CAPTURE_AUTORELEASING = YES;
				CLANG_WARN_BOOL_CONVERSION = YES;
				CLANG_WARN_COMMA = YES;
				CLANG_WARN_CONSTANT_CONVERSION = YES;
				CLANG_WARN_DEPRECATED_OBJC_IMPLEMENTATIONS = YES;
				CLANG_WARN_DIRECT_OBJC_ISA_USAGE = YES_ERROR;
				CLANG_WARN_DOCUMENTATION_COMMENTS = YES;
				CLANG_WARN_EMPTY_BODY = YES;
				CLANG_WARN_ENUM_CONVERSION = YES;
				CLANG_WARN_INFINITE_RECURSION = YES;
				CLANG_WARN_INT_CONVERSION = YES;
				CLANG_WARN_NON_LITERAL_NULL_CONVERSION = YES;
				CLANG_WARN_OBJC_IMPLICIT_RETAIN_SELF = YES;
				CLANG_WARN_OBJC_LITERAL_CONVERSION = YES;
				CLANG_WARN_OBJC_ROOT_CLASS = YES_ERROR;
				CLANG_WARN_QUOTED_INCLUDE_IN_FRAMEWORK_HEADER = YES;
				CLANG_WARN_RANGE_LOOP_ANALYSIS = YES;
				CLANG_WARN_STRICT_PROTOTYPES = YES;
				CLANG_WARN_SUSPICIOUS_MOVE = YES;
				CLANG_WARN_UNGUARDED_AVAILABILITY = YES_AGGRESSIVE;
				CLANG_WARN_UNREACHABLE_CODE = YES;
				CLANG_WARN__DUPLICATE_METHOD_MATCH = YES;
				COPY_PHASE_STRIP = NO;
				DEBUG_INFORMATION_FORMAT = "dwarf-with-dsym";
				ENABLE_NS_ASSERTIONS = NO;
				ENABLE_STRICT_OBJC_MSGSEND = YES;
				GCC_C_LANGUAGE_STANDARD = gnu11;
				GCC_NO_COMMON_BLOCKS = YES;
				GCC_WARN_64_TO_32_BIT_CONVERSION = YES;
				GCC_WARN_ABOUT_RETURN_TYPE = YES_ERROR;
				GCC_WARN_UNDECLARED_SELECTOR = YES;
				GCC_WARN_UNINITIALIZED_AUTOS = YES_AGGRESSIVE;
				GCC_WARN_UNUSED_FUNCTION = YES;
				GCC_WARN_UNUSED_VARIABLE = YES;
				IPHONEOS_DEPLOYMENT_TARGET = 16.2;
				MTL_ENABLE_DEBUG_INFO = NO;
				MTL_FAST_MATH = YES;
				SDKROOT = iphoneos;
				SWIFT_COMPILATION_MODE = wholemodule;
				SWIFT_OPTIMIZATION_LEVEL = "-O";
				VALIDATE_PRODUCT = YES;
			};
			name = Release;
		};
		602F8E52296DD33F00B0BCE6 /* Debug */ = {
			isa = XCBuildConfiguration;
			buildSettings = {
				ASSETCATALOG_COMPILER_APPICON_NAME = AppIcon;
				ASSETCATALOG_COMPILER_GLOBAL_ACCENT_COLOR_NAME = AccentColor;
				CODE_SIGN_STYLE = Automatic;
				CURRENT_PROJECT_VERSION = 1;
				DEVELOPMENT_TEAM = L6JY9DL2UD;
				GENERATE_INFOPLIST_FILE = YES;
				INFOPLIST_KEY_UIApplicationSupportsIndirectInputEvents = YES;
				INFOPLIST_KEY_UILaunchStoryboardName = LaunchScreen;
				INFOPLIST_KEY_UIMainStoryboardFile = Main;
				INFOPLIST_KEY_UIStatusBarHidden = YES;
				INFOPLIST_KEY_UISupportedInterfaceOrientations = "UIInterfaceOrientationLandscapeLeft UIInterfaceOrientationLandscapeRight";
				LD_RUNPATH_SEARCH_PATHS = (
					"$(inherited)",
					"@executable_path/Frameworks",
				);
				MARKETING_VERSION = 1.0;
				PRODUCT_BUNDLE_IDENTIFIER = "zahorskyi.developer.Austronaut-vs-Devil";
				PRODUCT_NAME = "$(TARGET_NAME)";
				SWIFT_EMIT_LOC_STRINGS = YES;
				SWIFT_VERSION = 5.0;
				TARGETED_DEVICE_FAMILY = "1,2";
			};
			name = Debug;
		};
		602F8E53296DD33F00B0BCE6 /* Release */ = {
			isa = XCBuildConfiguration;
			buildSettings = {
				ASSETCATALOG_COMPILER_APPICON_NAME = AppIcon;
				ASSETCATALOG_COMPILER_GLOBAL_ACCENT_COLOR_NAME = AccentColor;
				CODE_SIGN_STYLE = Automatic;
				CURRENT_PROJECT_VERSION = 1;
				DEVELOPMENT_TEAM = L6JY9DL2UD;
				GENERATE_INFOPLIST_FILE = YES;
				INFOPLIST_KEY_UIApplicationSupportsIndirectInputEvents = YES;
				INFOPLIST_KEY_UILaunchStoryboardName = LaunchScreen;
				INFOPLIST_KEY_UIMainStoryboardFile = Main;
				INFOPLIST_KEY_UIStatusBarHidden = YES;
				INFOPLIST_KEY_UISupportedInterfaceOrientations = "UIInterfaceOrientationLandscapeLeft UIInterfaceOrientationLandscapeRight";
				LD_RUNPATH_SEARCH_PATHS = (
					"$(inherited)",
					"@executable_path/Frameworks",
				);
				MARKETING_VERSION = 1.0;
				PRODUCT_BUNDLE_IDENTIFIER = "zahorskyi.developer.Austronaut-vs-Devil";
				PRODUCT_NAME = "$(TARGET_NAME)";
				SWIFT_EMIT_LOC_STRINGS = YES;
				SWIFT_VERSION = 5.0;
				TARGETED_DEVICE_FAMILY = "1,2";
			};
			name = Release;
		};
/* End XCBuildConfiguration section */

/* Begin XCConfigurationList section */
		602F8E35296DD33E00B0BCE6 /* Build configuration list for PBXProject "Austronaut vs Devil" */ = {
			isa = XCConfigurationList;
			buildConfigurations = (
				602F8E4F296DD33F00B0BCE6 /* Debug */,
				602F8E50296DD33F00B0BCE6 /* Release */,
			);
			defaultConfigurationIsVisible = 0;
			defaultConfigurationName = Release;
		};
		602F8E51296DD33F00B0BCE6 /* Build configuration list for PBXNativeTarget "Austronaut vs Devil" */ = {
			isa = XCConfigurationList;
			buildConfigurations = (
				602F8E52296DD33F00B0BCE6 /* Debug */,
				602F8E53296DD33F00B0BCE6 /* Release */,
			);
			defaultConfigurationIsVisible = 0;
			defaultConfigurationName = Release;
		};
/* End XCConfigurationList section */
	};
	rootObject = 602F8E32296DD33E00B0BCE6 /* Project object */;
}
